
Microsoft Visual Studio Solution File, Format Version 12.00
# Visual Studio 2015
Project("{FAE04EC0-301F-11D3-BF4B-00C04F79EFBC}") = "VisuArt FINAL", "VisuArt FINAL.csproj", "{A3170B50-828F-D4C4-43BC-470347F010FE}"
EndProject
Project("{FAE04EC0-301F-11D3-BF4B-00C04F79EFBC}") = "VisuArt FINAL.Editor", "VisuArt FINAL.Editor.csproj", "{24D33E04-FC7A-48AD-D2E9-EE1B79DC3791}"
EndProject
Global
	GlobalSection(SolutionConfigurationPlatforms) = preSolution
		Debug|Any CPU = Debug|Any CPU
		Release|Any CPU = Release|Any CPU
	EndGlobalSection
	GlobalSection(ProjectConfigurationPlatforms) = postSolution
		{A3170B50-828F-D4C4-43BC-470347F010FE}.Debug|Any CPU.ActiveCfg = Debug|Any CPU
		{A3170B50-828F-D4C4-43BC-470347F010FE}.Debug|Any CPU.Build.0 = Debug|Any CPU
		{A3170B50-828F-D4C4-43BC-470347F010FE}.Release|Any CPU.ActiveCfg = Release|Any CPU
		{A3170B50-828F-D4C4-43BC-470347F010FE}.Release|Any CPU.Build.0 = Release|Any CPU
		{24D33E04-FC7A-48AD-D2E9-EE1B79DC3791}.Debug|Any CPU.ActiveCfg = Debug|Any CPU
		{24D33E04-FC7A-48AD-D2E9-EE1B79DC3791}.Debug|Any CPU.Build.0 = Debug|Any CPU
		{24D33E04-FC7A-48AD-D2E9-EE1B79DC3791}.Release|Any CPU.ActiveCfg = Release|Any CPU
		{24D33E04-FC7A-48AD-D2E9-EE1B79DC3791}.Release|Any CPU.Build.0 = Release|Any CPU
	EndGlobalSection
	GlobalSection(SolutionProperties) = preSolution
		HideSolutionNode = FALSE
	EndGlobalSection
EndGlobal
