
Microsoft Visual Studio Solution File, Format Version 12.00
# Visual Studio 2015
Project("{FAE04EC0-301F-11D3-BF4B-00C04F79EFBC}") = "VisuArtMult", "VisuArtMult.csproj", "{04E1A950-410C-6EFA-135C-45BEF4971CF5}"
EndProject
Project("{FAE04EC0-301F-11D3-BF4B-00C04F79EFBC}") = "VisuArtMult.Editor", "VisuArtMult.Editor.csproj", "{FED4B167-FAA8-9D42-30D7-6D18A84064A0}"
EndProject
Global
	GlobalSection(SolutionConfigurationPlatforms) = preSolution
		Debug|Any CPU = Debug|Any CPU
		Release|Any CPU = Release|Any CPU
	EndGlobalSection
	GlobalSection(ProjectConfigurationPlatforms) = postSolution
		{04E1A950-410C-6EFA-135C-45BEF4971CF5}.Debug|Any CPU.ActiveCfg = Debug|Any CPU
		{04E1A950-410C-6EFA-135C-45BEF4971CF5}.Debug|Any CPU.Build.0 = Debug|Any CPU
		{04E1A950-410C-6EFA-135C-45BEF4971CF5}.Release|Any CPU.ActiveCfg = Release|Any CPU
		{04E1A950-410C-6EFA-135C-45BEF4971CF5}.Release|Any CPU.Build.0 = Release|Any CPU
		{FED4B167-FAA8-9D42-30D7-6D18A84064A0}.Debug|Any CPU.ActiveCfg = Debug|Any CPU
		{FED4B167-FAA8-9D42-30D7-6D18A84064A0}.Debug|Any CPU.Build.0 = Debug|Any CPU
		{FED4B167-FAA8-9D42-30D7-6D18A84064A0}.Release|Any CPU.ActiveCfg = Release|Any CPU
		{FED4B167-FAA8-9D42-30D7-6D18A84064A0}.Release|Any CPU.Build.0 = Release|Any CPU
	EndGlobalSection
	GlobalSection(SolutionProperties) = preSolution
		HideSolutionNode = FALSE
	EndGlobalSection
EndGlobal
